// !$*UTF8*$!
{
	archiveVersion = 1;
	classes = {
	};
	objectVersion = 46;
	objects = {

/* Begin PBXBuildFile section */
		EE27CC3E1564755A00E9F12F /* QCSetDataRangeViewController.m in Sources */ = {isa = PBXBuildFile; fileRef = EE27CC3C1564755A00E9F12F /* QCSetDataRangeViewController.m */; };
		EE27CC3F1564755A00E9F12F /* QCSetDataRangeViewController.xib in Resources */ = {isa = PBXBuildFile; fileRef = EE27CC3D1564755A00E9F12F /* QCSetDataRangeViewController.xib */; };
		EE5B635815627D1E006434E6 /* QCInputDataViewController.m in Sources */ = {isa = PBXBuildFile; fileRef = EE5B635715627D1E006434E6 /* QCInputDataViewController.m */; };
		EE5B63701563C136006434E6 /* QCInputDataEditViewController.m in Sources */ = {isa = PBXBuildFile; fileRef = EE5B636E1563C136006434E6 /* QCInputDataEditViewController.m */; };
		EE5B63711563C136006434E6 /* QCInputDataEditViewController.xib in Resources */ = {isa = PBXBuildFile; fileRef = EE5B636F1563C136006434E6 /* QCInputDataEditViewController.xib */; };
		EE99FC001559E2D90068E101 /* UIKit.framework in Frameworks */ = {isa = PBXBuildFile; fileRef = EE99FBFF1559E2D90068E101 /* UIKit.framework */; };
		EE99FC021559E2D90068E101 /* Foundation.framework in Frameworks */ = {isa = PBXBuildFile; fileRef = EE99FC011559E2D90068E101 /* Foundation.framework */; };
		EE99FC041559E2D90068E101 /* CoreGraphics.framework in Frameworks */ = {isa = PBXBuildFile; fileRef = EE99FC031559E2D90068E101 /* CoreGraphics.framework */; };
		EE99FC0A1559E2D90068E101 /* InfoPlist.strings in Resources */ = {isa = PBXBuildFile; fileRef = EE99FC081559E2D90068E101 /* InfoPlist.strings */; };
		EE99FC0C1559E2D90068E101 /* main.m in Sources */ = {isa = PBXBuildFile; fileRef = EE99FC0B1559E2D90068E101 /* main.m */; };
		EE99FC101559E2D90068E101 /* QCAppDelegate.m in Sources */ = {isa = PBXBuildFile; fileRef = EE99FC0F1559E2D90068E101 /* QCAppDelegate.m */; };
		EE99FC1B1559E41B0068E101 /* QCMainTabBarController.m in Sources */ = {isa = PBXBuildFile; fileRef = EE99FC1A1559E41B0068E101 /* QCMainTabBarController.m */; };
		EE99FC1E1559E76B0068E101 /* QCGraphMainViewController.m in Sources */ = {isa = PBXBuildFile; fileRef = EE99FC1D1559E76B0068E101 /* QCGraphMainViewController.m */; };
		EE99FC261559EB640068E101 /* QCGraphView.m in Sources */ = {isa = PBXBuildFile; fileRef = EE99FC251559EB640068E101 /* QCGraphView.m */; };
		EE99FC2E155B34600068E101 /* QCConditionViewController.m in Sources */ = {isa = PBXBuildFile; fileRef = EE99FC2C155B34600068E101 /* QCConditionViewController.m */; };
		EE99FC2F155B34600068E101 /* QCConditionViewController.xib in Resources */ = {isa = PBXBuildFile; fileRef = EE99FC2D155B34600068E101 /* QCConditionViewController.xib */; };
		EEA37AEA156CBCC400EBE468 /* Condition.cpp in Sources */ = {isa = PBXBuildFile; fileRef = EEA37AE9156CBCC400EBE468 /* Condition.cpp */; };
		EEA37AEC156CBF9B00EBE468 /* ConditionMan.cpp in Sources */ = {isa = PBXBuildFile; fileRef = EEA37AEB156CBF9B00EBE468 /* ConditionMan.cpp */; };
		EEA5DD741568E89A00F36D40 /* FC3D.dat in Resources */ = {isa = PBXBuildFile; fileRef = EEA5DD731568E89A00F36D40 /* FC3D.dat */; };
		EEA6117D1562639500482FFE /* BallBitmap.cpp in Sources */ = {isa = PBXBuildFile; fileRef = EEA611581562639500482FFE /* BallBitmap.cpp */; };
		EEA6117E1562639500482FFE /* Data.cpp in Sources */ = {isa = PBXBuildFile; fileRef = EEA6115A1562639500482FFE /* Data.cpp */; };
		EEA6117F1562639500482FFE /* Data_Private.cpp in Sources */ = {isa = PBXBuildFile; fileRef = EEA6115C1562639500482FFE /* Data_Private.cpp */; };
		EEA611801562639500482FFE /* DataFactory.cpp in Sources */ = {isa = PBXBuildFile; fileRef = EEA6115D1562639500482FFE /* DataFactory.cpp */; };
		EEA611811562639500482FFE /* DistributeGrid.cpp in Sources */ = {isa = PBXBuildFile; fileRef = EEA611621562639500482FFE /* DistributeGrid.cpp */; };
		EEA611821562639500482FFE /* GraphGrid.cpp in Sources */ = {isa = PBXBuildFile; fileRef = EEA611641562639500482FFE /* GraphGrid.cpp */; };
		EEA611831562639500482FFE /* GraphGridBody.cpp in Sources */ = {isa = PBXBuildFile; fileRef = EEA611661562639500482FFE /* GraphGridBody.cpp */; };
		EEA611841562639500482FFE /* GraphGridHead.cpp in Sources */ = {isa = PBXBuildFile; fileRef = EEA611681562639500482FFE /* GraphGridHead.cpp */; };
		EEA611851562639500482FFE /* GraphGridPublic.cpp in Sources */ = {isa = PBXBuildFile; fileRef = EEA6116A1562639500482FFE /* GraphGridPublic.cpp */; };
		EEA611861562639500482FFE /* HistoryValueStat.cpp in Sources */ = {isa = PBXBuildFile; fileRef = EEA6116C1562639500482FFE /* HistoryValueStat.cpp */; };
		EEA611871562639500482FFE /* MFCClass.cpp in Sources */ = {isa = PBXBuildFile; fileRef = EEA611701562639500482FFE /* MFCClass.cpp */; };
		EEA611881562639500482FFE /* Numbers.cpp in Sources */ = {isa = PBXBuildFile; fileRef = EEA611721562639500482FFE /* Numbers.cpp */; };
		EEA611891562639500482FFE /* NumbersUndo.cpp in Sources */ = {isa = PBXBuildFile; fileRef = EEA611741562639500482FFE /* NumbersUndo.cpp */; };
		EEA6118A1562639500482FFE /* NumsTable.cpp in Sources */ = {isa = PBXBuildFile; fileRef = EEA611761562639500482FFE /* NumsTable.cpp */; };
		EEA6118B1562639500482FFE /* QuickAddString.cpp in Sources */ = {isa = PBXBuildFile; fileRef = EEA611781562639500482FFE /* QuickAddString.cpp */; };
		EEA6118C1562639500482FFE /* TrendGrid.cpp in Sources */ = {isa = PBXBuildFile; fileRef = EEA6117A1562639500482FFE /* TrendGrid.cpp */; };
		EEA7B20F15678B5600F92E3B /* QCDataPickerViewController.m in Sources */ = {isa = PBXBuildFile; fileRef = EEA7B20D15678B5600F92E3B /* QCDataPickerViewController.m */; };
		EEA7B21015678B5600F92E3B /* QCDataPickerViewController.xib in Resources */ = {isa = PBXBuildFile; fileRef = EEA7B20E15678B5600F92E3B /* QCDataPickerViewController.xib */; };
		EEA90FB1156B6AE10044E8F9 /* Indicator.cpp in Sources */ = {isa = PBXBuildFile; fileRef = EEA90FB0156B6AE10044E8F9 /* Indicator.cpp */; };
		EEA90FB4156B6B000044E8F9 /* IndicatorParam.cpp in Sources */ = {isa = PBXBuildFile; fileRef = EEA90FB3156B6B000044E8F9 /* IndicatorParam.cpp */; };
		EEA90FB6156B6BA50044E8F9 /* Indicator_GetExplain.cpp in Sources */ = {isa = PBXBuildFile; fileRef = EEA90FB5156B6BA50044E8F9 /* Indicator_GetExplain.cpp */; };
		EEA90FB8156B6BAE0044E8F9 /* Indicator_GetName.cpp in Sources */ = {isa = PBXBuildFile; fileRef = EEA90FB7156B6BAD0044E8F9 /* Indicator_GetName.cpp */; };
		EEA90FBA156B6BC40044E8F9 /* Indicator_GetValue.cpp in Sources */ = {isa = PBXBuildFile; fileRef = EEA90FB9156B6BC40044E8F9 /* Indicator_GetValue.cpp */; };
		EEA90FBC156B6BD30044E8F9 /* Indicator_GetValueRange.cpp in Sources */ = {isa = PBXBuildFile; fileRef = EEA90FBB156B6BD20044E8F9 /* Indicator_GetValueRange.cpp */; };
		EEA90FBE156B6BE90044E8F9 /* IndicatorParam_GetName.cpp in Sources */ = {isa = PBXBuildFile; fileRef = EEA90FBD156B6BE80044E8F9 /* IndicatorParam_GetName.cpp */; };
		EEA90FC0156B6BF80044E8F9 /* IndicatorParam_GetValue.cpp in Sources */ = {isa = PBXBuildFile; fileRef = EEA90FBF156B6BF80044E8F9 /* IndicatorParam_GetValue.cpp */; };
		EEA90FC2156B6C0A0044E8F9 /* IndicatorParam_GetValueRange.cpp in Sources */ = {isa = PBXBuildFile; fileRef = EEA90FC1156B6C0A0044E8F9 /* IndicatorParam_GetValueRange.cpp */; };
		EEA90FC5156B6C750044E8F9 /* ConditionInfo.cpp in Sources */ = {isa = PBXBuildFile; fileRef = EEA90FC4156B6C740044E8F9 /* ConditionInfo.cpp */; };
		EEA90FD4156B8B7A0044E8F9 /* CstPubFunc.cpp in Sources */ = {isa = PBXBuildFile; fileRef = EEA90FD2156B8B7A0044E8F9 /* CstPubFunc.cpp */; };
		EEAB580D155B3B1E00108022 /* QCRandomMainViewController.m in Sources */ = {isa = PBXBuildFile; fileRef = EEAB580C155B3B1E00108022 /* QCRandomMainViewController.m */; };
		EEAB5811155B3B6000108022 /* QCHistoryMainViewController.m in Sources */ = {isa = PBXBuildFile; fileRef = EEAB5810155B3B6000108022 /* QCHistoryMainViewController.m */; };
		EEAB5815155C890C00108022 /* QCGraphViewController.m in Sources */ = {isa = PBXBuildFile; fileRef = EEAB5813155C890C00108022 /* QCGraphViewController.m */; };
		EEAB5816155C890C00108022 /* QCGraphViewController.xib in Resources */ = {isa = PBXBuildFile; fileRef = EEAB5814155C890C00108022 /* QCGraphViewController.xib */; };
		EEB8AA671567CD410019D81A /* Config.plist in Resources */ = {isa = PBXBuildFile; fileRef = EEB8AA661567CD410019D81A /* Config.plist */; };
		EED4DA1915607C9400873D16 /* QCDataManViewController.m in Sources */ = {isa = PBXBuildFile; fileRef = EED4DA1715607C9400873D16 /* QCDataManViewController.m */; };
/* End PBXBuildFile section */

/* Begin PBXFileReference section */
		EE27CC3B1564755A00E9F12F /* QCSetDataRangeViewController.h */ = {isa = PBXFileReference; fileEncoding = 4; lastKnownFileType = sourcecode.c.h; path = QCSetDataRangeViewController.h; sourceTree = "<group>"; };
		EE27CC3C1564755A00E9F12F /* QCSetDataRangeViewController.m */ = {isa = PBXFileReference; fileEncoding = 4; lastKnownFileType = sourcecode.c.objc; path = QCSetDataRangeViewController.m; sourceTree = "<group>"; };
		EE27CC3D1564755A00E9F12F /* QCSetDataRangeViewController.xib */ = {isa = PBXFileReference; fileEncoding = 4; lastKnownFileType = file.xib; path = QCSetDataRangeViewController.xib; sourceTree = "<group>"; };
		EE5B635615627D1E006434E6 /* QCInputDataViewController.h */ = {isa = PBXFileReference; fileEncoding = 4; lastKnownFileType = sourcecode.c.h; path = QCInputDataViewController.h; sourceTree = "<group>"; };
		EE5B635715627D1E006434E6 /* QCInputDataViewController.m */ = {isa = PBXFileReference; fileEncoding = 4; lastKnownFileType = sourcecode.c.objc; path = QCInputDataViewController.m; sourceTree = "<group>"; };
		EE5B63601562853B006434E6 /* zh-Hans */ = {isa = PBXFileReference; lastKnownFileType = text.plist.strings; name = "zh-Hans"; path = "/Users/sunwu/work/QCLottery/QCLottery/zh-Hans.lproj/InfoPlist.strings"; sourceTree = "<absolute>"; };
		EE5B636D1563C136006434E6 /* QCInputDataEditViewController.h */ = {isa = PBXFileReference; fileEncoding = 4; lastKnownFileType = sourcecode.c.h; path = QCInputDataEditViewController.h; sourceTree = "<group>"; };
		EE5B636E1563C136006434E6 /* QCInputDataEditViewController.m */ = {isa = PBXFileReference; fileEncoding = 4; lastKnownFileType = sourcecode.c.objc; path = QCInputDataEditViewController.m; sourceTree = "<group>"; };
		EE5B636F1563C136006434E6 /* QCInputDataEditViewController.xib */ = {isa = PBXFileReference; fileEncoding = 4; lastKnownFileType = file.xib; path = QCInputDataEditViewController.xib; sourceTree = "<group>"; };
		EE99FBFB1559E2D90068E101 /* QCLottery.app */ = {isa = PBXFileReference; explicitFileType = wrapper.application; includeInIndex = 0; path = QCLottery.app; sourceTree = BUILT_PRODUCTS_DIR; };
		EE99FBFF1559E2D90068E101 /* UIKit.framework */ = {isa = PBXFileReference; lastKnownFileType = wrapper.framework; name = UIKit.framework; path = System/Library/Frameworks/UIKit.framework; sourceTree = SDKROOT; };
		EE99FC011559E2D90068E101 /* Foundation.framework */ = {isa = PBXFileReference; lastKnownFileType = wrapper.framework; name = Foundation.framework; path = System/Library/Frameworks/Foundation.framework; sourceTree = SDKROOT; };
		EE99FC031559E2D90068E101 /* CoreGraphics.framework */ = {isa = PBXFileReference; lastKnownFileType = wrapper.framework; name = CoreGraphics.framework; path = System/Library/Frameworks/CoreGraphics.framework; sourceTree = SDKROOT; };
		EE99FC071559E2D90068E101 /* QCLottery-Info.plist */ = {isa = PBXFileReference; lastKnownFileType = text.plist.xml; path = "QCLottery-Info.plist"; sourceTree = "<group>"; };
		EE99FC091559E2D90068E101 /* en */ = {isa = PBXFileReference; lastKnownFileType = text.plist.strings; name = en; path = en.lproj/InfoPlist.strings; sourceTree = "<group>"; };
		EE99FC0B1559E2D90068E101 /* main.m */ = {isa = PBXFileReference; lastKnownFileType = sourcecode.c.objc; path = main.m; sourceTree = "<group>"; };
		EE99FC0D1559E2D90068E101 /* QCLottery-Prefix.pch */ = {isa = PBXFileReference; lastKnownFileType = sourcecode.c.h; path = "QCLottery-Prefix.pch"; sourceTree = "<group>"; };
		EE99FC0E1559E2D90068E101 /* QCAppDelegate.h */ = {isa = PBXFileReference; lastKnownFileType = sourcecode.c.h; path = QCAppDelegate.h; sourceTree = "<group>"; };
		EE99FC0F1559E2D90068E101 /* QCAppDelegate.m */ = {isa = PBXFileReference; lastKnownFileType = sourcecode.c.objc; path = QCAppDelegate.m; sourceTree = "<group>"; };
		EE99FC191559E41B0068E101 /* QCMainTabBarController.h */ = {isa = PBXFileReference; fileEncoding = 4; lastKnownFileType = sourcecode.c.h; path = QCMainTabBarController.h; sourceTree = "<group>"; };
		EE99FC1A1559E41B0068E101 /* QCMainTabBarController.m */ = {isa = PBXFileReference; fileEncoding = 4; lastKnownFileType = sourcecode.c.objc; path = QCMainTabBarController.m; sourceTree = "<group>"; };
		EE99FC1C1559E76B0068E101 /* QCGraphMainViewController.h */ = {isa = PBXFileReference; fileEncoding = 4; lastKnownFileType = sourcecode.c.h; path = QCGraphMainViewController.h; sourceTree = "<group>"; };
		EE99FC1D1559E76B0068E101 /* QCGraphMainViewController.m */ = {isa = PBXFileReference; fileEncoding = 4; lastKnownFileType = sourcecode.c.objc; path = QCGraphMainViewController.m; sourceTree = "<group>"; };
		EE99FC241559EB640068E101 /* QCGraphView.h */ = {isa = PBXFileReference; fileEncoding = 4; lastKnownFileType = sourcecode.c.h; path = QCGraphView.h; sourceTree = "<group>"; };
		EE99FC251559EB640068E101 /* QCGraphView.m */ = {isa = PBXFileReference; fileEncoding = 4; lastKnownFileType = sourcecode.c.objc; path = QCGraphView.m; sourceTree = "<group>"; };
		EE99FC2B155B34600068E101 /* QCConditionViewController.h */ = {isa = PBXFileReference; fileEncoding = 4; lastKnownFileType = sourcecode.c.h; path = QCConditionViewController.h; sourceTree = "<group>"; };
		EE99FC2C155B34600068E101 /* QCConditionViewController.m */ = {isa = PBXFileReference; fileEncoding = 4; lastKnownFileType = sourcecode.c.objc; path = QCConditionViewController.m; sourceTree = "<group>"; };
		EE99FC2D155B34600068E101 /* QCConditionViewController.xib */ = {isa = PBXFileReference; fileEncoding = 4; lastKnownFileType = file.xib; path = QCConditionViewController.xib; sourceTree = "<group>"; };
		EEA37AE8156CBCBB00EBE468 /* Condition.h */ = {isa = PBXFileReference; lastKnownFileType = sourcecode.c.h; path = Condition.h; sourceTree = "<group>"; };
		EEA37AE9156CBCC400EBE468 /* Condition.cpp */ = {isa = PBXFileReference; fileEncoding = 4; lastKnownFileType = sourcecode.cpp.cpp; path = Condition.cpp; sourceTree = "<group>"; };
		EEA37AEB156CBF9B00EBE468 /* ConditionMan.cpp */ = {isa = PBXFileReference; fileEncoding = 4; lastKnownFileType = sourcecode.cpp.cpp; path = ConditionMan.cpp; sourceTree = "<group>"; };
		EEA37AED156CBFA300EBE468 /* ConditionMan.h */ = {isa = PBXFileReference; lastKnownFileType = sourcecode.c.h; path = ConditionMan.h; sourceTree = "<group>"; };
		EEA5DD731568E89A00F36D40 /* FC3D.dat */ = {isa = PBXFileReference; lastKnownFileType = file; path = FC3D.dat; sourceTree = "<group>"; };
		EEA611581562639500482FFE /* BallBitmap.cpp */ = {isa = PBXFileReference; fileEncoding = 4; lastKnownFileType = sourcecode.cpp.cpp; path = BallBitmap.cpp; sourceTree = "<group>"; };
		EEA611591562639500482FFE /* BallBitmap.h */ = {isa = PBXFileReference; fileEncoding = 4; lastKnownFileType = sourcecode.c.h; path = BallBitmap.h; sourceTree = "<group>"; };
		EEA6115A1562639500482FFE /* Data.cpp */ = {isa = PBXFileReference; fileEncoding = 4; lastKnownFileType = sourcecode.cpp.cpp; path = Data.cpp; sourceTree = "<group>"; };
		EEA6115B1562639500482FFE /* Data.h */ = {isa = PBXFileReference; fileEncoding = 4; lastKnownFileType = sourcecode.c.h; path = Data.h; sourceTree = "<group>"; };
		EEA6115C1562639500482FFE /* Data_Private.cpp */ = {isa = PBXFileReference; fileEncoding = 4; lastKnownFileType = sourcecode.cpp.cpp; path = Data_Private.cpp; sourceTree = "<group>"; };
		EEA6115D1562639500482FFE /* DataFactory.cpp */ = {isa = PBXFileReference; fileEncoding = 4; lastKnownFileType = sourcecode.cpp.cpp; path = DataFactory.cpp; sourceTree = "<group>"; };
		EEA6115E1562639500482FFE /* DataFactory.h */ = {isa = PBXFileReference; fileEncoding = 4; lastKnownFileType = sourcecode.c.h; path = DataFactory.h; sourceTree = "<group>"; };
		EEA6115F1562639500482FFE /* Def_CfgItem_Data.h */ = {isa = PBXFileReference; fileEncoding = 4; lastKnownFileType = sourcecode.c.h; path = Def_CfgItem_Data.h; sourceTree = "<group>"; };
		EEA611601562639500482FFE /* Def_ConditionValue.h */ = {isa = PBXFileReference; fileEncoding = 4; lastKnownFileType = sourcecode.c.h; path = Def_ConditionValue.h; sourceTree = "<group>"; };
		EEA611611562639500482FFE /* Def_GraphGrid_ID.h */ = {isa = PBXFileReference; fileEncoding = 4; lastKnownFileType = sourcecode.c.h; path = Def_GraphGrid_ID.h; sourceTree = "<group>"; };
		EEA611621562639500482FFE /* DistributeGrid.cpp */ = {isa = PBXFileReference; fileEncoding = 4; lastKnownFileType = sourcecode.cpp.cpp; path = DistributeGrid.cpp; sourceTree = "<group>"; };
		EEA611631562639500482FFE /* DistributeGrid.h */ = {isa = PBXFileReference; fileEncoding = 4; lastKnownFileType = sourcecode.c.h; path = DistributeGrid.h; sourceTree = "<group>"; };
		EEA611641562639500482FFE /* GraphGrid.cpp */ = {isa = PBXFileReference; fileEncoding = 4; lastKnownFileType = sourcecode.cpp.cpp; path = GraphGrid.cpp; sourceTree = "<group>"; };
		EEA611651562639500482FFE /* GraphGrid.h */ = {isa = PBXFileReference; fileEncoding = 4; lastKnownFileType = sourcecode.c.h; path = GraphGrid.h; sourceTree = "<group>"; };
		EEA611661562639500482FFE /* GraphGridBody.cpp */ = {isa = PBXFileReference; fileEncoding = 4; lastKnownFileType = sourcecode.cpp.cpp; path = GraphGridBody.cpp; sourceTree = "<group>"; };
		EEA611671562639500482FFE /* GraphGridBody.h */ = {isa = PBXFileReference; fileEncoding = 4; lastKnownFileType = sourcecode.c.h; path = GraphGridBody.h; sourceTree = "<group>"; };
		EEA611681562639500482FFE /* GraphGridHead.cpp */ = {isa = PBXFileReference; fileEncoding = 4; lastKnownFileType = sourcecode.cpp.cpp; path = GraphGridHead.cpp; sourceTree = "<group>"; };
		EEA611691562639500482FFE /* GraphGridHead.h */ = {isa = PBXFileReference; fileEncoding = 4; lastKnownFileType = sourcecode.c.h; path = GraphGridHead.h; sourceTree = "<group>"; };
		EEA6116A1562639500482FFE /* GraphGridPublic.cpp */ = {isa = PBXFileReference; fileEncoding = 4; lastKnownFileType = sourcecode.cpp.cpp; path = GraphGridPublic.cpp; sourceTree = "<group>"; };
		EEA6116B1562639500482FFE /* GraphGridPublic.h */ = {isa = PBXFileReference; fileEncoding = 4; lastKnownFileType = sourcecode.c.h; path = GraphGridPublic.h; sourceTree = "<group>"; };
		EEA6116C1562639500482FFE /* HistoryValueStat.cpp */ = {isa = PBXFileReference; fileEncoding = 4; lastKnownFileType = sourcecode.cpp.cpp; path = HistoryValueStat.cpp; sourceTree = "<group>"; };
		EEA6116D1562639500482FFE /* HistoryValueStat.h */ = {isa = PBXFileReference; fileEncoding = 4; lastKnownFileType = sourcecode.c.h; path = HistoryValueStat.h; sourceTree = "<group>"; };
		EEA6116E1562639500482FFE /* IData.h */ = {isa = PBXFileReference; fileEncoding = 4; lastKnownFileType = sourcecode.c.h; path = IData.h; sourceTree = "<group>"; };
		EEA6116F1562639500482FFE /* INumbers.h */ = {isa = PBXFileReference; fileEncoding = 4; lastKnownFileType = sourcecode.c.h; path = INumbers.h; sourceTree = "<group>"; };
		EEA611701562639500482FFE /* MFCClass.cpp */ = {isa = PBXFileReference; fileEncoding = 4; lastKnownFileType = sourcecode.cpp.cpp; path = MFCClass.cpp; sourceTree = "<group>"; };
		EEA611711562639500482FFE /* MFCClass.h */ = {isa = PBXFileReference; fileEncoding = 4; lastKnownFileType = sourcecode.c.h; path = MFCClass.h; sourceTree = "<group>"; };
		EEA611721562639500482FFE /* Numbers.cpp */ = {isa = PBXFileReference; fileEncoding = 4; lastKnownFileType = sourcecode.cpp.cpp; path = Numbers.cpp; sourceTree = "<group>"; };
		EEA611731562639500482FFE /* Numbers.h */ = {isa = PBXFileReference; fileEncoding = 4; lastKnownFileType = sourcecode.c.h; path = Numbers.h; sourceTree = "<group>"; };
		EEA611741562639500482FFE /* NumbersUndo.cpp */ = {isa = PBXFileReference; fileEncoding = 4; lastKnownFileType = sourcecode.cpp.cpp; path = NumbersUndo.cpp; sourceTree = "<group>"; };
		EEA611751562639500482FFE /* NumbersUndo.h */ = {isa = PBXFileReference; fileEncoding = 4; lastKnownFileType = sourcecode.c.h; path = NumbersUndo.h; sourceTree = "<group>"; };
		EEA611761562639500482FFE /* NumsTable.cpp */ = {isa = PBXFileReference; fileEncoding = 4; lastKnownFileType = sourcecode.cpp.cpp; path = NumsTable.cpp; sourceTree = "<group>"; };
		EEA611771562639500482FFE /* NumsTable.h */ = {isa = PBXFileReference; fileEncoding = 4; lastKnownFileType = sourcecode.c.h; path = NumsTable.h; sourceTree = "<group>"; };
		EEA611781562639500482FFE /* QuickAddString.cpp */ = {isa = PBXFileReference; fileEncoding = 4; lastKnownFileType = sourcecode.cpp.cpp; path = QuickAddString.cpp; sourceTree = "<group>"; };
		EEA611791562639500482FFE /* QuickAddString.h */ = {isa = PBXFileReference; fileEncoding = 4; lastKnownFileType = sourcecode.c.h; path = QuickAddString.h; sourceTree = "<group>"; };
		EEA6117A1562639500482FFE /* TrendGrid.cpp */ = {isa = PBXFileReference; fileEncoding = 4; lastKnownFileType = sourcecode.cpp.cpp; path = TrendGrid.cpp; sourceTree = "<group>"; };
		EEA6117B1562639500482FFE /* TrendGrid.h */ = {isa = PBXFileReference; fileEncoding = 4; lastKnownFileType = sourcecode.c.h; path = TrendGrid.h; sourceTree = "<group>"; };
		EEA6117C1562639500482FFE /* WinDef.h */ = {isa = PBXFileReference; fileEncoding = 4; lastKnownFileType = sourcecode.c.h; path = WinDef.h; sourceTree = "<group>"; };
		EEA7B20C15678B5600F92E3B /* QCDataPickerViewController.h */ = {isa = PBXFileReference; fileEncoding = 4; lastKnownFileType = sourcecode.c.h; path = QCDataPickerViewController.h; sourceTree = "<group>"; };
		EEA7B20D15678B5600F92E3B /* QCDataPickerViewController.m */ = {isa = PBXFileReference; fileEncoding = 4; lastKnownFileType = sourcecode.c.objc; path = QCDataPickerViewController.m; sourceTree = "<group>"; };
		EEA7B20E15678B5600F92E3B /* QCDataPickerViewController.xib */ = {isa = PBXFileReference; fileEncoding = 4; lastKnownFileType = file.xib; path = QCDataPickerViewController.xib; sourceTree = "<group>"; };
		EEA90FAC156B69000044E8F9 /* Def_ConditionID.h */ = {isa = PBXFileReference; lastKnownFileType = sourcecode.c.h; path = Def_ConditionID.h; sourceTree = "<group>"; };
		EEA90FAD156B69500044E8F9 /* ICondition.h */ = {isa = PBXFileReference; lastKnownFileType = sourcecode.c.h; path = ICondition.h; sourceTree = "<group>"; };
		EEA90FAE156B6AA00044E8F9 /* Def_ConditionCustom.h */ = {isa = PBXFileReference; lastKnownFileType = sourcecode.c.h; path = Def_ConditionCustom.h; sourceTree = "<group>"; };
		EEA90FAF156B6AD60044E8F9 /* Indicator.h */ = {isa = PBXFileReference; lastKnownFileType = sourcecode.c.h; path = Indicator.h; sourceTree = "<group>"; };
		EEA90FB0156B6AE10044E8F9 /* Indicator.cpp */ = {isa = PBXFileReference; fileEncoding = 4; lastKnownFileType = sourcecode.cpp.cpp; path = Indicator.cpp; sourceTree = "<group>"; };
		EEA90FB2156B6AF50044E8F9 /* IndicatorParam.h */ = {isa = PBXFileReference; lastKnownFileType = sourcecode.c.h; path = IndicatorParam.h; sourceTree = "<group>"; };
		EEA90FB3156B6B000044E8F9 /* IndicatorParam.cpp */ = {isa = PBXFileReference; fileEncoding = 4; lastKnownFileType = sourcecode.cpp.cpp; path = IndicatorParam.cpp; sourceTree = "<group>"; };
		EEA90FB5156B6BA50044E8F9 /* Indicator_GetExplain.cpp */ = {isa = PBXFileReference; fileEncoding = 4; lastKnownFileType = sourcecode.cpp.cpp; path = Indicator_GetExplain.cpp; sourceTree = "<group>"; };
		EEA90FB7156B6BAD0044E8F9 /* Indicator_GetName.cpp */ = {isa = PBXFileReference; fileEncoding = 4; lastKnownFileType = sourcecode.cpp.cpp; path = Indicator_GetName.cpp; sourceTree = "<group>"; };
		EEA90FB9156B6BC40044E8F9 /* Indicator_GetValue.cpp */ = {isa = PBXFileReference; fileEncoding = 4; lastKnownFileType = sourcecode.cpp.cpp; path = Indicator_GetValue.cpp; sourceTree = "<group>"; };
		EEA90FBB156B6BD20044E8F9 /* Indicator_GetValueRange.cpp */ = {isa = PBXFileReference; fileEncoding = 4; lastKnownFileType = sourcecode.cpp.cpp; path = Indicator_GetValueRange.cpp; sourceTree = "<group>"; };
		EEA90FBD156B6BE80044E8F9 /* IndicatorParam_GetName.cpp */ = {isa = PBXFileReference; fileEncoding = 4; lastKnownFileType = sourcecode.cpp.cpp; path = IndicatorParam_GetName.cpp; sourceTree = "<group>"; };
		EEA90FBF156B6BF80044E8F9 /* IndicatorParam_GetValue.cpp */ = {isa = PBXFileReference; fileEncoding = 4; lastKnownFileType = sourcecode.cpp.cpp; path = IndicatorParam_GetValue.cpp; sourceTree = "<group>"; };
		EEA90FC1156B6C0A0044E8F9 /* IndicatorParam_GetValueRange.cpp */ = {isa = PBXFileReference; fileEncoding = 4; lastKnownFileType = sourcecode.cpp.cpp; path = IndicatorParam_GetValueRange.cpp; sourceTree = "<group>"; };
		EEA90FC3156B6C6E0044E8F9 /* ConditionInfo.h */ = {isa = PBXFileReference; lastKnownFileType = sourcecode.c.h; path = ConditionInfo.h; sourceTree = "<group>"; };
		EEA90FC4156B6C740044E8F9 /* ConditionInfo.cpp */ = {isa = PBXFileReference; fileEncoding = 4; lastKnownFileType = sourcecode.cpp.cpp; path = ConditionInfo.cpp; sourceTree = "<group>"; };
		EEA90FC6156B6D8B0044E8F9 /* Def_CfgItem_Condition.h */ = {isa = PBXFileReference; lastKnownFileType = sourcecode.c.h; path = Def_CfgItem_Condition.h; sourceTree = "<group>"; };
		EEA90FC7156B87810044E8F9 /* ICstPubFunc.h */ = {isa = PBXFileReference; lastKnownFileType = sourcecode.c.h; path = ICstPubFunc.h; sourceTree = "<group>"; };
		EEA90FD2156B8B7A0044E8F9 /* CstPubFunc.cpp */ = {isa = PBXFileReference; fileEncoding = 4; lastKnownFileType = sourcecode.cpp.cpp; path = CstPubFunc.cpp; sourceTree = "<group>"; };
		EEA90FD3156B8B7A0044E8F9 /* CstPubFunc.h */ = {isa = PBXFileReference; fileEncoding = 4; lastKnownFileType = sourcecode.c.h; path = CstPubFunc.h; sourceTree = "<group>"; };
		EEA90FD5156B9EB40044E8F9 /* ConstData.h */ = {isa = PBXFileReference; lastKnownFileType = sourcecode.c.h; path = ConstData.h; sourceTree = "<group>"; };
		EEAB580B155B3B1E00108022 /* QCRandomMainViewController.h */ = {isa = PBXFileReference; fileEncoding = 4; lastKnownFileType = sourcecode.c.h; path = QCRandomMainViewController.h; sourceTree = "<group>"; };
		EEAB580C155B3B1E00108022 /* QCRandomMainViewController.m */ = {isa = PBXFileReference; fileEncoding = 4; lastKnownFileType = sourcecode.c.objc; path = QCRandomMainViewController.m; sourceTree = "<group>"; };
		EEAB580F155B3B6000108022 /* QCHistoryMainViewController.h */ = {isa = PBXFileReference; fileEncoding = 4; lastKnownFileType = sourcecode.c.h; path = QCHistoryMainViewController.h; sourceTree = "<group>"; };
		EEAB5810155B3B6000108022 /* QCHistoryMainViewController.m */ = {isa = PBXFileReference; fileEncoding = 4; lastKnownFileType = sourcecode.c.objc; path = QCHistoryMainViewController.m; sourceTree = "<group>"; };
		EEAB5812155C890C00108022 /* QCGraphViewController.h */ = {isa = PBXFileReference; fileEncoding = 4; lastKnownFileType = sourcecode.c.h; path = QCGraphViewController.h; sourceTree = "<group>"; };
		EEAB5813155C890C00108022 /* QCGraphViewController.m */ = {isa = PBXFileReference; fileEncoding = 4; lastKnownFileType = sourcecode.c.objc; path = QCGraphViewController.m; sourceTree = "<group>"; };
		EEAB5814155C890C00108022 /* QCGraphViewController.xib */ = {isa = PBXFileReference; fileEncoding = 4; lastKnownFileType = file.xib; path = QCGraphViewController.xib; sourceTree = "<group>"; };
		EEB8AA661567CD410019D81A /* Config.plist */ = {isa = PBXFileReference; fileEncoding = 4; lastKnownFileType = text.plist.xml; name = Config.plist; path = ../Config.plist; sourceTree = "<group>"; };
		EED4DA1615607C9400873D16 /* QCDataManViewController.h */ = {isa = PBXFileReference; fileEncoding = 4; lastKnownFileType = sourcecode.c.h; path = QCDataManViewController.h; sourceTree = "<group>"; };
		EED4DA1715607C9400873D16 /* QCDataManViewController.m */ = {isa = PBXFileReference; fileEncoding = 4; lastKnownFileType = sourcecode.c.objc; path = QCDataManViewController.m; sourceTree = "<group>"; };
/* End PBXFileReference section */

/* Begin PBXFrameworksBuildPhase section */
		EE99FBF81559E2D90068E101 /* Frameworks */ = {
			isa = PBXFrameworksBuildPhase;
			buildActionMask = 2147483647;
			files = (
				EE99FC001559E2D90068E101 /* UIKit.framework in Frameworks */,
				EE99FC021559E2D90068E101 /* Foundation.framework in Frameworks */,
				EE99FC041559E2D90068E101 /* CoreGraphics.framework in Frameworks */,
			);
			runOnlyForDeploymentPostprocessing = 0;
		};
/* End PBXFrameworksBuildPhase section */

/* Begin PBXGroup section */
		EE99FBF01559E2D90068E101 = {
			isa = PBXGroup;
			children = (
				EEA611571562639500482FFE /* C++ class */,
				EE99FC051559E2D90068E101 /* QCLottery */,
				EE99FBFE1559E2D90068E101 /* Frameworks */,
				EE99FBFC1559E2D90068E101 /* Products */,
			);
			sourceTree = "<group>";
		};
		EE99FBFC1559E2D90068E101 /* Products */ = {
			isa = PBXGroup;
			children = (
				EE99FBFB1559E2D90068E101 /* QCLottery.app */,
			);
			name = Products;
			sourceTree = "<group>";
		};
		EE99FBFE1559E2D90068E101 /* Frameworks */ = {
			isa = PBXGroup;
			children = (
				EE99FBFF1559E2D90068E101 /* UIKit.framework */,
				EE99FC011559E2D90068E101 /* Foundation.framework */,
				EE99FC031559E2D90068E101 /* CoreGraphics.framework */,
			);
			name = Frameworks;
			sourceTree = "<group>";
		};
		EE99FC051559E2D90068E101 /* QCLottery */ = {
			isa = PBXGroup;
			children = (
				EE99FC0E1559E2D90068E101 /* QCAppDelegate.h */,
				EE99FC0F1559E2D90068E101 /* QCAppDelegate.m */,
				EE99FC191559E41B0068E101 /* QCMainTabBarController.h */,
				EE99FC1A1559E41B0068E101 /* QCMainTabBarController.m */,
				EE99FC1C1559E76B0068E101 /* QCGraphMainViewController.h */,
				EE99FC1D1559E76B0068E101 /* QCGraphMainViewController.m */,
				EEAB580B155B3B1E00108022 /* QCRandomMainViewController.h */,
				EEAB580C155B3B1E00108022 /* QCRandomMainViewController.m */,
				EEAB580F155B3B6000108022 /* QCHistoryMainViewController.h */,
				EEAB5810155B3B6000108022 /* QCHistoryMainViewController.m */,
				EE99FC2B155B34600068E101 /* QCConditionViewController.h */,
				EE99FC2C155B34600068E101 /* QCConditionViewController.m */,
				EE99FC2D155B34600068E101 /* QCConditionViewController.xib */,
				EEAB5812155C890C00108022 /* QCGraphViewController.h */,
				EEAB5813155C890C00108022 /* QCGraphViewController.m */,
				EEAB5814155C890C00108022 /* QCGraphViewController.xib */,
				EE99FC241559EB640068E101 /* QCGraphView.h */,
				EE99FC251559EB640068E101 /* QCGraphView.m */,
				EED4DA1615607C9400873D16 /* QCDataManViewController.h */,
				EED4DA1715607C9400873D16 /* QCDataManViewController.m */,
				EE5B635615627D1E006434E6 /* QCInputDataViewController.h */,
				EE5B635715627D1E006434E6 /* QCInputDataViewController.m */,
				EE5B636D1563C136006434E6 /* QCInputDataEditViewController.h */,
				EE5B636E1563C136006434E6 /* QCInputDataEditViewController.m */,
				EE5B636F1563C136006434E6 /* QCInputDataEditViewController.xib */,
				EE27CC3B1564755A00E9F12F /* QCSetDataRangeViewController.h */,
				EE27CC3C1564755A00E9F12F /* QCSetDataRangeViewController.m */,
				EE27CC3D1564755A00E9F12F /* QCSetDataRangeViewController.xib */,
				EEA7B20C15678B5600F92E3B /* QCDataPickerViewController.h */,
				EEA7B20D15678B5600F92E3B /* QCDataPickerViewController.m */,
				EEA7B20E15678B5600F92E3B /* QCDataPickerViewController.xib */,
				EE99FC061559E2D90068E101 /* Supporting Files */,
			);
			path = QCLottery;
			sourceTree = "<group>";
		};
		EE99FC061559E2D90068E101 /* Supporting Files */ = {
			isa = PBXGroup;
			children = (
				EEA5DD731568E89A00F36D40 /* FC3D.dat */,
				EEB8AA661567CD410019D81A /* Config.plist */,
				EE99FC071559E2D90068E101 /* QCLottery-Info.plist */,
				EE99FC081559E2D90068E101 /* InfoPlist.strings */,
				EE99FC0B1559E2D90068E101 /* main.m */,
				EE99FC0D1559E2D90068E101 /* QCLottery-Prefix.pch */,
			);
			name = "Supporting Files";
			sourceTree = "<group>";
		};
		EEA611571562639500482FFE /* C++ class */ = {
			isa = PBXGroup;
			children = (
				EEA611581562639500482FFE /* BallBitmap.cpp */,
				EEA611591562639500482FFE /* BallBitmap.h */,
				EEA6116E1562639500482FFE /* IData.h */,
				EEA6115B1562639500482FFE /* Data.h */,
				EEA6115A1562639500482FFE /* Data.cpp */,
				EEA6115C1562639500482FFE /* Data_Private.cpp */,
				EEA6115E1562639500482FFE /* DataFactory.h */,
				EEA6115D1562639500482FFE /* DataFactory.cpp */,
				EEA6115F1562639500482FFE /* Def_CfgItem_Data.h */,
				EEA90FC6156B6D8B0044E8F9 /* Def_CfgItem_Condition.h */,
				EEA611601562639500482FFE /* Def_ConditionValue.h */,
				EEA90FAC156B69000044E8F9 /* Def_ConditionID.h */,
				EEA90FAE156B6AA00044E8F9 /* Def_ConditionCustom.h */,
				EEA611611562639500482FFE /* Def_GraphGrid_ID.h */,
				EEA611631562639500482FFE /* DistributeGrid.h */,
				EEA611621562639500482FFE /* DistributeGrid.cpp */,
				EEA611651562639500482FFE /* GraphGrid.h */,
				EEA611641562639500482FFE /* GraphGrid.cpp */,
				EEA611671562639500482FFE /* GraphGridBody.h */,
				EEA611661562639500482FFE /* GraphGridBody.cpp */,
				EEA611691562639500482FFE /* GraphGridHead.h */,
				EEA611681562639500482FFE /* GraphGridHead.cpp */,
				EEA6116B1562639500482FFE /* GraphGridPublic.h */,
				EEA6116A1562639500482FFE /* GraphGridPublic.cpp */,
				EEA6116D1562639500482FFE /* HistoryValueStat.h */,
				EEA6116C1562639500482FFE /* HistoryValueStat.cpp */,
				EEA611711562639500482FFE /* MFCClass.h */,
				EEA611701562639500482FFE /* MFCClass.cpp */,
				EEA6116F1562639500482FFE /* INumbers.h */,
				EEA611731562639500482FFE /* Numbers.h */,
				EEA611721562639500482FFE /* Numbers.cpp */,
				EEA611751562639500482FFE /* NumbersUndo.h */,
				EEA611741562639500482FFE /* NumbersUndo.cpp */,
				EEA611771562639500482FFE /* NumsTable.h */,
				EEA611761562639500482FFE /* NumsTable.cpp */,
				EEA611791562639500482FFE /* QuickAddString.h */,
				EEA611781562639500482FFE /* QuickAddString.cpp */,
				EEA6117B1562639500482FFE /* TrendGrid.h */,
				EEA6117A1562639500482FFE /* TrendGrid.cpp */,
				EEA6117C1562639500482FFE /* WinDef.h */,
				EEA90FC7156B87810044E8F9 /* ICstPubFunc.h */,
				EEA90FD3156B8B7A0044E8F9 /* CstPubFunc.h */,
				EEA90FD2156B8B7A0044E8F9 /* CstPubFunc.cpp */,
				EEA90FAD156B69500044E8F9 /* ICondition.h */,
				EEA37AED156CBFA300EBE468 /* ConditionMan.h */,
				EEA37AEB156CBF9B00EBE468 /* ConditionMan.cpp */,
				EEA37AE8156CBCBB00EBE468 /* Condition.h */,
				EEA37AE9156CBCC400EBE468 /* Condition.cpp */,
				EEA90FC3156B6C6E0044E8F9 /* ConditionInfo.h */,
				EEA90FC4156B6C740044E8F9 /* ConditionInfo.cpp */,
				EEA90FD5156B9EB40044E8F9 /* ConstData.h */,
				EEA90FAF156B6AD60044E8F9 /* Indicator.h */,
				EEA90FB0156B6AE10044E8F9 /* Indicator.cpp */,
				EEA90FB5156B6BA50044E8F9 /* Indicator_GetExplain.cpp */,
				EEA90FB7156B6BAD0044E8F9 /* Indicator_GetName.cpp */,
				EEA90FB9156B6BC40044E8F9 /* Indicator_GetValue.cpp */,
				EEA90FBB156B6BD20044E8F9 /* Indicator_GetValueRange.cpp */,
				EEA90FB2156B6AF50044E8F9 /* IndicatorParam.h */,
				EEA90FB3156B6B000044E8F9 /* IndicatorParam.cpp */,
				EEA90FBD156B6BE80044E8F9 /* IndicatorParam_GetName.cpp */,
				EEA90FBF156B6BF80044E8F9 /* IndicatorParam_GetValue.cpp */,
				EEA90FC1156B6C0A0044E8F9 /* IndicatorParam_GetValueRange.cpp */,
			);
			path = "C++ class";
			sourceTree = "<group>";
		};
/* End PBXGroup section */

/* Begin PBXNativeTarget section */
		EE99FBFA1559E2D90068E101 /* QCLottery */ = {
			isa = PBXNativeTarget;
			buildConfigurationList = EE99FC131559E2D90068E101 /* Build configuration list for PBXNativeTarget "QCLottery" */;
			buildPhases = (
				EE99FBF71559E2D90068E101 /* Sources */,
				EE99FBF81559E2D90068E101 /* Frameworks */,
				EE99FBF91559E2D90068E101 /* Resources */,
			);
			buildRules = (
			);
			dependencies = (
			);
			name = QCLottery;
			productName = QCLottery;
			productReference = EE99FBFB1559E2D90068E101 /* QCLottery.app */;
			productType = "com.apple.product-type.application";
		};
/* End PBXNativeTarget section */

/* Begin PBXProject section */
		EE99FBF21559E2D90068E101 /* Project object */ = {
			isa = PBXProject;
			attributes = {
				CLASSPREFIX = QC;
				LastUpgradeCheck = 0430;
			};
			buildConfigurationList = EE99FBF51559E2D90068E101 /* Build configuration list for PBXProject "QCLottery" */;
			compatibilityVersion = "Xcode 3.2";
			developmentRegion = English;
			hasScannedForEncodings = 0;
			knownRegions = (
				en,
			);
			mainGroup = EE99FBF01559E2D90068E101;
			productRefGroup = EE99FBFC1559E2D90068E101 /* Products */;
			projectDirPath = "";
			projectRoot = "";
			targets = (
				EE99FBFA1559E2D90068E101 /* QCLottery */,
			);
		};
/* End PBXProject section */

/* Begin PBXResourcesBuildPhase section */
		EE99FBF91559E2D90068E101 /* Resources */ = {
			isa = PBXResourcesBuildPhase;
			buildActionMask = 2147483647;
			files = (
				EE99FC0A1559E2D90068E101 /* InfoPlist.strings in Resources */,
				EE99FC2F155B34600068E101 /* QCConditionViewController.xib in Resources */,
				EEAB5816155C890C00108022 /* QCGraphViewController.xib in Resources */,
				EE5B63711563C136006434E6 /* QCInputDataEditViewController.xib in Resources */,
				EE27CC3F1564755A00E9F12F /* QCSetDataRangeViewController.xib in Resources */,
				EEA7B21015678B5600F92E3B /* QCDataPickerViewController.xib in Resources */,
				EEB8AA671567CD410019D81A /* Config.plist in Resources */,
				EEA5DD741568E89A00F36D40 /* FC3D.dat in Resources */,
			);
			runOnlyForDeploymentPostprocessing = 0;
		};
/* End PBXResourcesBuildPhase section */

/* Begin PBXSourcesBuildPhase section */
		EE99FBF71559E2D90068E101 /* Sources */ = {
			isa = PBXSourcesBuildPhase;
			buildActionMask = 2147483647;
			files = (
				EE99FC0C1559E2D90068E101 /* main.m in Sources */,
				EE99FC101559E2D90068E101 /* QCAppDelegate.m in Sources */,
				EE99FC1B1559E41B0068E101 /* QCMainTabBarController.m in Sources */,
				EE99FC1E1559E76B0068E101 /* QCGraphMainViewController.m in Sources */,
				EE99FC261559EB640068E101 /* QCGraphView.m in Sources */,
				EE99FC2E155B34600068E101 /* QCConditionViewController.m in Sources */,
				EEAB580D155B3B1E00108022 /* QCRandomMainViewController.m in Sources */,
				EEAB5811155B3B6000108022 /* QCHistoryMainViewController.m in Sources */,
				EEAB5815155C890C00108022 /* QCGraphViewController.m in Sources */,
				EED4DA1915607C9400873D16 /* QCDataManViewController.m in Sources */,
				EEA6117D1562639500482FFE /* BallBitmap.cpp in Sources */,
				EEA6117E1562639500482FFE /* Data.cpp in Sources */,
				EEA6117F1562639500482FFE /* Data_Private.cpp in Sources */,
				EEA611801562639500482FFE /* DataFactory.cpp in Sources */,
				EEA611811562639500482FFE /* DistributeGrid.cpp in Sources */,
				EEA611821562639500482FFE /* GraphGrid.cpp in Sources */,
				EEA611831562639500482FFE /* GraphGridBody.cpp in Sources */,
				EEA611841562639500482FFE /* GraphGridHead.cpp in Sources */,
				EEA611851562639500482FFE /* GraphGridPublic.cpp in Sources */,
				EEA611861562639500482FFE /* HistoryValueStat.cpp in Sources */,
				EEA611871562639500482FFE /* MFCClass.cpp in Sources */,
				EEA611881562639500482FFE /* Numbers.cpp in Sources */,
				EEA611891562639500482FFE /* NumbersUndo.cpp in Sources */,
				EEA6118A1562639500482FFE /* NumsTable.cpp in Sources */,
				EEA6118B1562639500482FFE /* QuickAddString.cpp in Sources */,
				EEA6118C1562639500482FFE /* TrendGrid.cpp in Sources */,
				EE5B635815627D1E006434E6 /* QCInputDataViewController.m in Sources */,
				EE5B63701563C136006434E6 /* QCInputDataEditViewController.m in Sources */,
				EE27CC3E1564755A00E9F12F /* QCSetDataRangeViewController.m in Sources */,
				EEA7B20F15678B5600F92E3B /* QCDataPickerViewController.m in Sources */,
				EEA90FB1156B6AE10044E8F9 /* Indicator.cpp in Sources */,
				EEA90FB4156B6B000044E8F9 /* IndicatorParam.cpp in Sources */,
				EEA90FB6156B6BA50044E8F9 /* Indicator_GetExplain.cpp in Sources */,
				EEA90FB8156B6BAE0044E8F9 /* Indicator_GetName.cpp in Sources */,
				EEA90FBA156B6BC40044E8F9 /* Indicator_GetValue.cpp in Sources */,
				EEA90FBC156B6BD30044E8F9 /* Indicator_GetValueRange.cpp in Sources */,
				EEA90FBE156B6BE90044E8F9 /* IndicatorParam_GetName.cpp in Sources */,
				EEA90FC0156B6BF80044E8F9 /* IndicatorParam_GetValue.cpp in Sources */,
				EEA90FC2156B6C0A0044E8F9 /* IndicatorParam_GetValueRange.cpp in Sources */,
				EEA90FC5156B6C750044E8F9 /* ConditionInfo.cpp in Sources */,
				EEA90FD4156B8B7A0044E8F9 /* CstPubFunc.cpp in Sources */,
				EEA37AEA156CBCC400EBE468 /* Condition.cpp in Sources */,
				EEA37AEC156CBF9B00EBE468 /* ConditionMan.cpp in Sources */,
			);
			runOnlyForDeploymentPostprocessing = 0;
		};
/* End PBXSourcesBuildPhase section */

/* Begin PBXVariantGroup section */
		EE99FC081559E2D90068E101 /* InfoPlist.strings */ = {
			isa = PBXVariantGroup;
			children = (
				EE99FC091559E2D90068E101 /* en */,
				EE5B63601562853B006434E6 /* zh-Hans */,
			);
			name = InfoPlist.strings;
			sourceTree = "<group>";
		};
/* End PBXVariantGroup section */

/* Begin XCBuildConfiguration section */
		EE99FC111559E2D90068E101 /* Debug */ = {
			isa = XCBuildConfiguration;
			buildSettings = {
				ALWAYS_SEARCH_USER_PATHS = NO;
				ARCHS = "$(ARCHS_STANDARD_32_BIT)";
				CLANG_ENABLE_OBJC_ARC = YES;
				"CODE_SIGN_IDENTITY[sdk=iphoneos*]" = "iPhone Developer";
				COPY_PHASE_STRIP = NO;
				GCC_C_LANGUAGE_STANDARD = gnu99;
				GCC_DYNAMIC_NO_PIC = NO;
				GCC_INPUT_FILETYPE = sourcecode.cpp.objcpp;
				GCC_OPTIMIZATION_LEVEL = 0;
				GCC_PREPROCESSOR_DEFINITIONS = (
					"DEBUG=1",
					"$(inherited)",
				);
				GCC_SYMBOLS_PRIVATE_EXTERN = NO;
				GCC_VERSION = com.apple.compilers.llvm.clang.1_0;
				GCC_WARN_ABOUT_RETURN_TYPE = YES;
				GCC_WARN_UNINITIALIZED_AUTOS = YES;
				GCC_WARN_UNUSED_VARIABLE = YES;
				IPHONEOS_DEPLOYMENT_TARGET = 5.1;
				SDKROOT = iphoneos;
				TARGETED_DEVICE_FAMILY = 2;
			};
			name = Debug;
		};
		EE99FC121559E2D90068E101 /* Release */ = {
			isa = XCBuildConfiguration;
			buildSettings = {
				ALWAYS_SEARCH_USER_PATHS = NO;
				ARCHS = "$(ARCHS_STANDARD_32_BIT)";
				CLANG_ENABLE_OBJC_ARC = YES;
				"CODE_SIGN_IDENTITY[sdk=iphoneos*]" = "iPhone Developer";
				COPY_PHASE_STRIP = YES;
				GCC_C_LANGUAGE_STANDARD = gnu99;
				GCC_INPUT_FILETYPE = sourcecode.cpp.objcpp;
				GCC_VERSION = com.apple.compilers.llvm.clang.1_0;
				GCC_WARN_ABOUT_RETURN_TYPE = YES;
				GCC_WARN_UNINITIALIZED_AUTOS = YES;
				GCC_WARN_UNUSED_VARIABLE = YES;
				IPHONEOS_DEPLOYMENT_TARGET = 5.1;
				OTHER_CFLAGS = "-DNS_BLOCK_ASSERTIONS=1";
				SDKROOT = iphoneos;
				TARGETED_DEVICE_FAMILY = 2;
				VALIDATE_PRODUCT = YES;
			};
			name = Release;
		};
		EE99FC141559E2D90068E101 /* Debug */ = {
			isa = XCBuildConfiguration;
			buildSettings = {
				GCC_INPUT_FILETYPE = sourcecode.cpp.objcpp;
				GCC_PRECOMPILE_PREFIX_HEADER = YES;
				GCC_PREFIX_HEADER = "QCLottery/QCLottery-Prefix.pch";
				INFOPLIST_FILE = "QCLottery/QCLottery-Info.plist";
				PRODUCT_NAME = "$(TARGET_NAME)";
				WRAPPER_EXTENSION = app;
			};
			name = Debug;
		};
		EE99FC151559E2D90068E101 /* Release */ = {
			isa = XCBuildConfiguration;
			buildSettings = {
				GCC_INPUT_FILETYPE = sourcecode.cpp.objcpp;
				GCC_PRECOMPILE_PREFIX_HEADER = YES;
				GCC_PREFIX_HEADER = "QCLottery/QCLottery-Prefix.pch";
				INFOPLIST_FILE = "QCLottery/QCLottery-Info.plist";
				PRODUCT_NAME = "$(TARGET_NAME)";
				WRAPPER_EXTENSION = app;
			};
			name = Release;
		};
/* End XCBuildConfiguration section */

/* Begin XCConfigurationList section */
		EE99FBF51559E2D90068E101 /* Build configuration list for PBXProject "QCLottery" */ = {
			isa = XCConfigurationList;
			buildConfigurations = (
				EE99FC111559E2D90068E101 /* Debug */,
				EE99FC121559E2D90068E101 /* Release */,
			);
			defaultConfigurationIsVisible = 0;
			defaultConfigurationName = Release;
		};
		EE99FC131559E2D90068E101 /* Build configuration list for PBXNativeTarget "QCLottery" */ = {
			isa = XCConfigurationList;
			buildConfigurations = (
				EE99FC141559E2D90068E101 /* Debug */,
				EE99FC151559E2D90068E101 /* Release */,
			);
			defaultConfigurationIsVisible = 0;
			defaultConfigurationName = Release;
		};
/* End XCConfigurationList section */
	};
	rootObject = EE99FBF21559E2D90068E101 /* Project object */;
}
